
Microsoft Visual Studio Solution File, Format Version 12.00
# Visual Studio Version 16
VisualStudioVersion = 16.0.30309.148
MinimumVisualStudioVersion = 10.0.40219.1
Project("{9A19103F-16F7-4668-BE54-9A1E7A4F7556}") = "CR.RoomBooking.Data", "CR.RoomBooking.Data\CR.RoomBooking.Data.csproj", "{5758A873-4BC2-40B3-88FC-755498840674}"
EndProject
Project("{9A19103F-16F7-4668-BE54-9A1E7A4F7556}") = "CR.RoomBooking.Services", "CR.RoomBooking.Services\CR.RoomBooking.Services.csproj", "{3D91E579-12C4-41C3-8DF1-4864C20C84E1}"
EndProject
Project("{9A19103F-16F7-4668-BE54-9A1E7A4F7556}") = "CR.RoomBooking.Web", "CR.RoomBooking.Web\CR.RoomBooking.Web.csproj", "{D931AC79-FFEA-49B6-BC1B-0DDA70BAE3B5}"
EndProject
Project("{FAE04EC0-301F-11D3-BF4B-00C04F79EFBC}") = "CR.RoomBooking.Tests", "CR.RoomBooking.Tests\CR.RoomBooking.Tests.csproj", "{CBA7D879-3F87-4A87-B153-F83EE4D7856F}"
EndProject
Global
	GlobalSection(SolutionConfigurationPlatforms) = preSolution
		Debug|Any CPU = Debug|Any CPU
		Release|Any CPU = Release|Any CPU
	EndGlobalSection
	GlobalSection(ProjectConfigurationPlatforms) = postSolution
		{5758A873-4BC2-40B3-88FC-755498840674}.Debug|Any CPU.ActiveCfg = Debug|Any CPU
		{5758A873-4BC2-40B3-88FC-755498840674}.Debug|Any CPU.Build.0 = Debug|Any CPU
		{5758A873-4BC2-40B3-88FC-755498840674}.Release|Any CPU.ActiveCfg = Release|Any CPU
		{5758A873-4BC2-40B3-88FC-755498840674}.Release|Any CPU.Build.0 = Release|Any CPU
		{3D91E579-12C4-41C3-8DF1-4864C20C84E1}.Debug|Any CPU.ActiveCfg = Debug|Any CPU
		{3D91E579-12C4-41C3-8DF1-4864C20C84E1}.Debug|Any CPU.Build.0 = Debug|Any CPU
		{3D91E579-12C4-41C3-8DF1-4864C20C84E1}.Release|Any CPU.ActiveCfg = Release|Any CPU
		{3D91E579-12C4-41C3-8DF1-4864C20C84E1}.Release|Any CPU.Build.0 = Release|Any CPU
		{D931AC79-FFEA-49B6-BC1B-0DDA70BAE3B5}.Debug|Any CPU.ActiveCfg = Debug|Any CPU
		{D931AC79-FFEA-49B6-BC1B-0DDA70BAE3B5}.Debug|Any CPU.Build.0 = Debug|Any CPU
		{D931AC79-FFEA-49B6-BC1B-0DDA70BAE3B5}.Release|Any CPU.ActiveCfg = Release|Any CPU
		{D931AC79-FFEA-49B6-BC1B-0DDA70BAE3B5}.Release|Any CPU.Build.0 = Release|Any CPU
		{CBA7D879-3F87-4A87-B153-F83EE4D7856F}.Debug|Any CPU.ActiveCfg = Debug|Any CPU
		{CBA7D879-3F87-4A87-B153-F83EE4D7856F}.Debug|Any CPU.Build.0 = Debug|Any CPU
		{CBA7D879-3F87-4A87-B153-F83EE4D7856F}.Release|Any CPU.ActiveCfg = Release|Any CPU
		{CBA7D879-3F87-4A87-B153-F83EE4D7856F}.Release|Any CPU.Build.0 = Release|Any CPU
	EndGlobalSection
	GlobalSection(SolutionProperties) = preSolution
		HideSolutionNode = FALSE
	EndGlobalSection
	GlobalSection(ExtensibilityGlobals) = postSolution
		SolutionGuid = {701AB89F-DE2B-499A-B776-0970435CB5F1}
	EndGlobalSection
EndGlobal
